# This file was autogenerated by uv via the following command:
#    uv pip compile requirements.txt -o requirements.lock
amqp==5.3.1
    # via kombu
asgiref==3.12.1
    # via
    #   django
    #   django-cors-headers
attrs==26.1.0
    # via
    #   jsonschema
    #   referencing
billiard==4.2.4
    # via celery
boto3==1.43.89
    # via -r requirements.txt
botocore==1.43.89
    # via
    #   boto3
    #   s3transfer
celery==5.6.3
    # via -r requirements.txt
click==8.5.0
    # via
    #   celery
    #   click-didyoumean
    #   click-plugins
    #   click-repl
click-didyoumean==0.3.1
    # via celery
click-plugins==1.1.1.2
    # via celery
click-repl==0.3.0
    # via celery
django==5.2.17
    # via
    #   -r requirements.txt
    #   django-cors-headers
    #   django-filter
    #   djangorestframework
    #   drf-spectacular
django-cors-headers==4.9.0
    # via -r requirements.txt
django-filter==26.1
    # via -r requirements.txt
djangorestframework==3.18.1
    # via
    #   -r requirements.txt
    #   drf-spectacular
drf-spectacular==0.30.0
    # via -r requirements.txt
gunicorn==26.2.0
    # via -r requirements.txt
inflection==0.5.1
    # via drf-spectacular
jmespath==1.1.0
    # via
    #   boto3
    #   botocore
jsonschema==4.26.0
    # via drf-spectacular
jsonschema-specifications==2025.9.1
    # via jsonschema
kombu==5.6.2
    # via celery
packaging==26.3
    # via kombu
prompt-toolkit==3.0.53
    # via click-repl
psycopg==3.3.5
    # via -r requirements.txt
psycopg-binary==3.3.5
    # via psycopg
python-dateutil==2.9.0.post0
    # via
    #   botocore
    #   celery
pyyaml==6.0.3
    # via drf-spectacular
redis==8.1.0
    # via -r requirements.txt
referencing==0.37.0
    # via
    #   jsonschema
    #   jsonschema-specifications
rpds-py==2026.6.3
    # via
    #   jsonschema
    #   referencing
s3transfer==0.19.2
    # via boto3
six==1.17.0
    # via python-dateutil
sqlparse==0.6.0
    # via django
typing-extensions==4.16.0
    # via
    #   psycopg
    #   referencing
tzdata==2026.3
    # via kombu
tzlocal==5.4.4
    # via celery
uritemplate==4.2.0
    # via drf-spectacular
urllib3==2.7.0
    # via botocore
vine==5.1.0
    # via
    #   amqp
    #   celery
    #   kombu
wcwidth==0.8.3
    # via prompt-toolkit
